
Microsoft Visual Studio Solution File, Format Version 12.00
# Visual Studio Version 17
VisualStudioVersion = 17.4.33213.308
MinimumVisualStudioVersion = 10.0.40219.1
Project("{FAE04EC0-301F-11D3-BF4B-00C04F79EFBC}") = "COMP003A.Assignment6", "COMP003A.Assignment6\COMP003A.Assignment6.csproj", "{26DF3B48-0D64-401D-9819-DCBB3E93272E}"
EndProject
Global
	GlobalSection(SolutionConfigurationPlatforms) = preSolution
		Debug|Any CPU = Debug|Any CPU
		Release|Any CPU = Release|Any CPU
	EndGlobalSection
	GlobalSection(ProjectConfigurationPlatforms) = postSolution
		{26DF3B48-0D64-401D-9819-DCBB3E93272E}.Debug|Any CPU.ActiveCfg = Debug|Any CPU
		{26DF3B48-0D64-401D-9819-DCBB3E93272E}.Debug|Any CPU.Build.0 = Debug|Any CPU
		{26DF3B48-0D64-401D-9819-DCBB3E93272E}.Release|Any CPU.ActiveCfg = Release|Any CPU
		{26DF3B48-0D64-401D-9819-DCBB3E93272E}.Release|Any CPU.Build.0 = Release|Any CPU
	EndGlobalSection
	GlobalSection(SolutionProperties) = preSolution
		HideSolutionNode = FALSE
	EndGlobalSection
	GlobalSection(ExtensibilityGlobals) = postSolution
		SolutionGuid = {109D0505-0B9E-449A-B50E-D7C58DBD9410}
	EndGlobalSection
EndGlobal
